{
  "name": "assets",
  "lockfileVersion": 3,
  "requires": true,
  "packages": {
    "": {
      "dependencies": {
        "@carbon/icons": "^11.74.0"
      }
    },
    "node_modules/@carbon/icons": {
      "version": "11.74.0",
      "resolved": "https://registry.npmjs.org/@carbon/icons/-/icons-11.74.0.tgz",
      "integrity": "sha512-tKAUXSgzLvov2gidRb3/U1NvUWKqxfG3anmWMz7WnTj/W3aK6PXpvgfspqPMOnBsnuF5q5H3Csq6XJ99dUZ5ig==",
      "hasInstallScript": true,
      "license": "Apache-2.0",
      "dependencies": {
        "@ibm/telemetry-js": "^1.5.0"
      }
    },
    "node_modules/@ibm/telemetry-js": {
      "version": "1.11.0",
      "resolved": "https://registry.npmjs.org/@ibm/telemetry-js/-/telemetry-js-1.11.0.tgz",
      "integrity": "sha512-RO/9j+URJnSfseWg9ZkEX9p+a3Ousd33DBU7rOafoZB08RqdzxFVYJ2/iM50dkBuD0o7WX7GYt1sLbNgCoE+pA==",
      "license": "Apache-2.0",
      "bin": {
        "ibmtelemetry": "dist/collect.js"
      }
    }
  }
}
